// !$*UTF8*$!
{
	archiveVersion = 1;
	classes = {
	};
	objectVersion = 50;
	objects = {

/* Begin PBXBuildFile section */
		696D0D99266EDFAB007C8C2C /* AppDelegate.swift in Sources */ = {isa = PBXBuildFile; fileRef = 696D0D98266EDFAB007C8C2C /* AppDelegate.swift */; };
		696D0D9B266EDFAB007C8C2C /* SceneDelegate.swift in Sources */ = {isa = PBXBuildFile; fileRef = 696D0D9A266EDFAB007C8C2C /* SceneDelegate.swift */; };
		696D0D9D266EDFAB007C8C2C /* ViewController.swift in Sources */ = {isa = PBXBuildFile; fileRef = 696D0D9C266EDFAB007C8C2C /* ViewController.swift */; };
		696D0DA0266EDFAB007C8C2C /* Main.storyboard in Resources */ = {isa = PBXBuildFile; fileRef = 696D0D9E266EDFAB007C8C2C /* Main.storyboard */; };
		696D0DA2266EDFAC007C8C2C /* Assets.xcassets in Resources */ = {isa = PBXBuildFile; fileRef = 696D0DA1266EDFAC007C8C2C /* Assets.xcassets */; };
		696D0DA5266EDFAC007C8C2C /* LaunchScreen.storyboard in Resources */ = {isa = PBXBuildFile; fileRef = 696D0DA3266EDFAC007C8C2C /* LaunchScreen.storyboard */; };
		696D0DB0266EDFAC007C8C2C /* QantasTechTaskTests.swift in Sources */ = {isa = PBXBuildFile; fileRef = 696D0DAF266EDFAC007C8C2C /* QantasTechTaskTests.swift */; };
		696D0DBB266EDFAC007C8C2C /* QantasTechTaskUITests.swift in Sources */ = {isa = PBXBuildFile; fileRef = 696D0DBA266EDFAC007C8C2C /* QantasTechTaskUITests.swift */; };
		696D0DCE266EE09F007C8C2C /* HTTPClient.swift in Sources */ = {isa = PBXBuildFile; fileRef = 696D0DCD266EE09F007C8C2C /* HTTPClient.swift */; };
		696D0DD0266EE0ED007C8C2C /* URL+Extension.swift in Sources */ = {isa = PBXBuildFile; fileRef = 696D0DCF266EE0ED007C8C2C /* URL+Extension.swift */; };
		696D0DD2266EE28D007C8C2C /* Util.swift in Sources */ = {isa = PBXBuildFile; fileRef = 696D0DD1266EE28D007C8C2C /* Util.swift */; };
		696D0DD3266EE28D007C8C2C /* Util.swift in Sources */ = {isa = PBXBuildFile; fileRef = 696D0DD1266EE28D007C8C2C /* Util.swift */; };
		696D0DD5266EE35B007C8C2C /* Airports.swift in Sources */ = {isa = PBXBuildFile; fileRef = 696D0DD4266EE35B007C8C2C /* Airports.swift */; };
		696D0DD6266EE35B007C8C2C /* Airports.swift in Sources */ = {isa = PBXBuildFile; fileRef = 696D0DD4266EE35B007C8C2C /* Airports.swift */; };
/* End PBXBuildFile section */

/* Begin PBXContainerItemProxy section */
		696D0DAC266EDFAC007C8C2C /* PBXContainerItemProxy */ = {
			isa = PBXContainerItemProxy;
			containerPortal = 696D0D8D266EDFAB007C8C2C /* Project object */;
			proxyType = 1;
			remoteGlobalIDString = 696D0D94266EDFAB007C8C2C;
			remoteInfo = QantasTechTask;
		};
		696D0DB7266EDFAC007C8C2C /* PBXContainerItemProxy */ = {
			isa = PBXContainerItemProxy;
			containerPortal = 696D0D8D266EDFAB007C8C2C /* Project object */;
			proxyType = 1;
			remoteGlobalIDString = 696D0D94266EDFAB007C8C2C;
			remoteInfo = QantasTechTask;
		};
/* End PBXContainerItemProxy section */

/* Begin PBXFileReference section */
		696D0D95266EDFAB007C8C2C /* QantasTechTask.app */ = {isa = PBXFileReference; explicitFileType = wrapper.application; includeInIndex = 0; path = QantasTechTask.app; sourceTree = BUILT_PRODUCTS_DIR; };
		696D0D98266EDFAB007C8C2C /* AppDelegate.swift */ = {isa = PBXFileReference; lastKnownFileType = sourcecode.swift; path = AppDelegate.swift; sourceTree = "<group>"; };
		696D0D9A266EDFAB007C8C2C /* SceneDelegate.swift */ = {isa = PBXFileReference; lastKnownFileType = sourcecode.swift; path = SceneDelegate.swift; sourceTree = "<group>"; };
		696D0D9C266EDFAB007C8C2C /* ViewController.swift */ = {isa = PBXFileReference; lastKnownFileType = sourcecode.swift; path = ViewController.swift; sourceTree = "<group>"; };
		696D0D9F266EDFAB007C8C2C /* Base */ = {isa = PBXFileReference; lastKnownFileType = file.storyboard; name = Base; path = Base.lproj/Main.storyboard; sourceTree = "<group>"; };
		696D0DA1266EDFAC007C8C2C /* Assets.xcassets */ = {isa = PBXFileReference; lastKnownFileType = folder.assetcatalog; path = Assets.xcassets; sourceTree = "<group>"; };
		696D0DA4266EDFAC007C8C2C /* Base */ = {isa = PBXFileReference; lastKnownFileType = file.storyboard; name = Base; path = Base.lproj/LaunchScreen.storyboard; sourceTree = "<group>"; };
		696D0DA6266EDFAC007C8C2C /* Info.plist */ = {isa = PBXFileReference; lastKnownFileType = text.plist.xml; path = Info.plist; sourceTree = "<group>"; };
		696D0DAB266EDFAC007C8C2C /* QantasTechTaskTests.xctest */ = {isa = PBXFileReference; explicitFileType = wrapper.cfbundle; includeInIndex = 0; path = QantasTechTaskTests.xctest; sourceTree = BUILT_PRODUCTS_DIR; };
		696D0DAF266EDFAC007C8C2C /* QantasTechTaskTests.swift */ = {isa = PBXFileReference; lastKnownFileType = sourcecode.swift; path = QantasTechTaskTests.swift; sourceTree = "<group>"; };
		696D0DB1266EDFAC007C8C2C /* Info.plist */ = {isa = PBXFileReference; lastKnownFileType = text.plist.xml; path = Info.plist; sourceTree = "<group>"; };
		696D0DB6266EDFAC007C8C2C /* QantasTechTaskUITests.xctest */ = {isa = PBXFileReference; explicitFileType = wrapper.cfbundle; includeInIndex = 0; path = QantasTechTaskUITests.xctest; sourceTree = BUILT_PRODUCTS_DIR; };
		696D0DBA266EDFAC007C8C2C /* QantasTechTaskUITests.swift */ = {isa = PBXFileReference; lastKnownFileType = sourcecode.swift; path = QantasTechTaskUITests.swift; sourceTree = "<group>"; };
		696D0DBC266EDFAC007C8C2C /* Info.plist */ = {isa = PBXFileReference; lastKnownFileType = text.plist.xml; path = Info.plist; sourceTree = "<group>"; };
		696D0DCD266EE09F007C8C2C /* HTTPClient.swift */ = {isa = PBXFileReference; lastKnownFileType = sourcecode.swift; path = HTTPClient.swift; sourceTree = "<group>"; };
		696D0DCF266EE0ED007C8C2C /* URL+Extension.swift */ = {isa = PBXFileReference; lastKnownFileType = sourcecode.swift; path = "URL+Extension.swift"; sourceTree = "<group>"; };
		696D0DD1266EE28D007C8C2C /* Util.swift */ = {isa = PBXFileReference; lastKnownFileType = sourcecode.swift; path = Util.swift; sourceTree = "<group>"; };
		696D0DD4266EE35B007C8C2C /* Airports.swift */ = {isa = PBXFileReference; lastKnownFileType = sourcecode.swift; path = Airports.swift; sourceTree = "<group>"; };
/* End PBXFileReference section */

/* Begin PBXFrameworksBuildPhase section */
		696D0D92266EDFAB007C8C2C /* Frameworks */ = {
			isa = PBXFrameworksBuildPhase;
			buildActionMask = 2147483647;
			files = (
			);
			runOnlyForDeploymentPostprocessing = 0;
		};
		696D0DA8266EDFAC007C8C2C /* Frameworks */ = {
			isa = PBXFrameworksBuildPhase;
			buildActionMask = 2147483647;
			files = (
			);
			runOnlyForDeploymentPostprocessing = 0;
		};
		696D0DB3266EDFAC007C8C2C /* Frameworks */ = {
			isa = PBXFrameworksBuildPhase;
			buildActionMask = 2147483647;
			files = (
			);
			runOnlyForDeploymentPostprocessing = 0;
		};
/* End PBXFrameworksBuildPhase section */

/* Begin PBXGroup section */
		696D0D8C266EDFAB007C8C2C = {
			isa = PBXGroup;
			children = (
				696D0D97266EDFAB007C8C2C /* QantasTechTask */,
				696D0DAE266EDFAC007C8C2C /* QantasTechTaskTests */,
				696D0DB9266EDFAC007C8C2C /* QantasTechTaskUITests */,
				696D0D96266EDFAB007C8C2C /* Products */,
			);
			sourceTree = "<group>";
		};
		696D0D96266EDFAB007C8C2C /* Products */ = {
			isa = PBXGroup;
			children = (
				696D0D95266EDFAB007C8C2C /* QantasTechTask.app */,
				696D0DAB266EDFAC007C8C2C /* QantasTechTaskTests.xctest */,
				696D0DB6266EDFAC007C8C2C /* QantasTechTaskUITests.xctest */,
			);
			name = Products;
			sourceTree = "<group>";
		};
		696D0D97266EDFAB007C8C2C /* QantasTechTask */ = {
			isa = PBXGroup;
			children = (
				696D0DC8266EDFD6007C8C2C /* Extensions */,
				696D0DC9266EDFEB007C8C2C /* Helpers */,
				696D0DCA266EE001007C8C2C /* Model */,
				696D0DCB266EE00F007C8C2C /* Service */,
				696D0DCC266EE01D007C8C2C /* View */,
				696D0D98266EDFAB007C8C2C /* AppDelegate.swift */,
				696D0D9A266EDFAB007C8C2C /* SceneDelegate.swift */,
				696D0D9C266EDFAB007C8C2C /* ViewController.swift */,
				696D0D9E266EDFAB007C8C2C /* Main.storyboard */,
				696D0DA1266EDFAC007C8C2C /* Assets.xcassets */,
				696D0DA3266EDFAC007C8C2C /* LaunchScreen.storyboard */,
				696D0DA6266EDFAC007C8C2C /* Info.plist */,
			);
			path = QantasTechTask;
			sourceTree = "<group>";
		};
		696D0DAE266EDFAC007C8C2C /* QantasTechTaskTests */ = {
			isa = PBXGroup;
			children = (
				696D0DAF266EDFAC007C8C2C /* QantasTechTaskTests.swift */,
				696D0DB1266EDFAC007C8C2C /* Info.plist */,
			);
			path = QantasTechTaskTests;
			sourceTree = "<group>";
		};
		696D0DB9266EDFAC007C8C2C /* QantasTechTaskUITests */ = {
			isa = PBXGroup;
			children = (
				696D0DBA266EDFAC007C8C2C /* QantasTechTaskUITests.swift */,
				696D0DBC266EDFAC007C8C2C /* Info.plist */,
			);
			path = QantasTechTaskUITests;
			sourceTree = "<group>";
		};
		696D0DC8266EDFD6007C8C2C /* Extensions */ = {
			isa = PBXGroup;
			children = (
				696D0DCF266EE0ED007C8C2C /* URL+Extension.swift */,
			);
			path = Extensions;
			sourceTree = "<group>";
		};
		696D0DC9266EDFEB007C8C2C /* Helpers */ = {
			isa = PBXGroup;
			children = (
				696D0DD1266EE28D007C8C2C /* Util.swift */,
			);
			path = Helpers;
			sourceTree = "<group>";
		};
		696D0DCA266EE001007C8C2C /* Model */ = {
			isa = PBXGroup;
			children = (
				696D0DD4266EE35B007C8C2C /* Airports.swift */,
			);
			path = Model;
			sourceTree = "<group>";
		};
		696D0DCB266EE00F007C8C2C /* Service */ = {
			isa = PBXGroup;
			children = (
				696D0DCD266EE09F007C8C2C /* HTTPClient.swift */,
			);
			path = Service;
			sourceTree = "<group>";
		};
		696D0DCC266EE01D007C8C2C /* View */ = {
			isa = PBXGroup;
			children = (
			);
			path = View;
			sourceTree = "<group>";
		};
/* End PBXGroup section */

/* Begin PBXNativeTarget section */
		696D0D94266EDFAB007C8C2C /* QantasTechTask */ = {
			isa = PBXNativeTarget;
			buildConfigurationList = 696D0DBF266EDFAC007C8C2C /* Build configuration list for PBXNativeTarget "QantasTechTask" */;
			buildPhases = (
				696D0D91266EDFAB007C8C2C /* Sources */,
				696D0D92266EDFAB007C8C2C /* Frameworks */,
				696D0D93266EDFAB007C8C2C /* Resources */,
			);
			buildRules = (
			);
			dependencies = (
			);
			name = QantasTechTask;
			productName = QantasTechTask;
			productReference = 696D0D95266EDFAB007C8C2C /* QantasTechTask.app */;
			productType = "com.apple.product-type.application";
		};
		696D0DAA266EDFAC007C8C2C /* QantasTechTaskTests */ = {
			isa = PBXNativeTarget;
			buildConfigurationList = 696D0DC2266EDFAC007C8C2C /* Build configuration list for PBXNativeTarget "QantasTechTaskTests" */;
			buildPhases = (
				696D0DA7266EDFAC007C8C2C /* Sources */,
				696D0DA8266EDFAC007C8C2C /* Frameworks */,
				696D0DA9266EDFAC007C8C2C /* Resources */,
			);
			buildRules = (
			);
			dependencies = (
				696D0DAD266EDFAC007C8C2C /* PBXTargetDependency */,
			);
			name = QantasTechTaskTests;
			productName = QantasTechTaskTests;
			productReference = 696D0DAB266EDFAC007C8C2C /* QantasTechTaskTests.xctest */;
			productType = "com.apple.product-type.bundle.unit-test";
		};
		696D0DB5266EDFAC007C8C2C /* QantasTechTaskUITests */ = {
			isa = PBXNativeTarget;
			buildConfigurationList = 696D0DC5266EDFAC007C8C2C /* Build configuration list for PBXNativeTarget "QantasTechTaskUITests" */;
			buildPhases = (
				696D0DB2266EDFAC007C8C2C /* Sources */,
				696D0DB3266EDFAC007C8C2C /* Frameworks */,
				696D0DB4266EDFAC007C8C2C /* Resources */,
			);
			buildRules = (
			);
			dependencies = (
				696D0DB8266EDFAC007C8C2C /* PBXTargetDependency */,
			);
			name = QantasTechTaskUITests;
			productName = QantasTechTaskUITests;
			productReference = 696D0DB6266EDFAC007C8C2C /* QantasTechTaskUITests.xctest */;
			productType = "com.apple.product-type.bundle.ui-testing";
		};
/* End PBXNativeTarget section */

/* Begin PBXProject section */
		696D0D8D266EDFAB007C8C2C /* Project object */ = {
			isa = PBXProject;
			attributes = {
				LastSwiftUpdateCheck = 1250;
				LastUpgradeCheck = 1250;
				TargetAttributes = {
					696D0D94266EDFAB007C8C2C = {
						CreatedOnToolsVersion = 12.5;
					};
					696D0DAA266EDFAC007C8C2C = {
						CreatedOnToolsVersion = 12.5;
						TestTargetID = 696D0D94266EDFAB007C8C2C;
					};
					696D0DB5266EDFAC007C8C2C = {
						CreatedOnToolsVersion = 12.5;
						TestTargetID = 696D0D94266EDFAB007C8C2C;
					};
				};
			};
			buildConfigurationList = 696D0D90266EDFAB007C8C2C /* Build configuration list for PBXProject "QantasTechTask" */;
			compatibilityVersion = "Xcode 9.3";
			developmentRegion = en;
			hasScannedForEncodings = 0;
			knownRegions = (
				en,
				Base,
			);
			mainGroup = 696D0D8C266EDFAB007C8C2C;
			productRefGroup = 696D0D96266EDFAB007C8C2C /* Products */;
			projectDirPath = "";
			projectRoot = "";
			targets = (
				696D0D94266EDFAB007C8C2C /* QantasTechTask */,
				696D0DAA266EDFAC007C8C2C /* QantasTechTaskTests */,
				696D0DB5266EDFAC007C8C2C /* QantasTechTaskUITests */,
			);
		};
/* End PBXProject section */

/* Begin PBXResourcesBuildPhase section */
		696D0D93266EDFAB007C8C2C /* Resources */ = {
			isa = PBXResourcesBuildPhase;
			buildActionMask = 2147483647;
			files = (
				696D0DA5266EDFAC007C8C2C /* LaunchScreen.storyboard in Resources */,
				696D0DA2266EDFAC007C8C2C /* Assets.xcassets in Resources */,
				696D0DA0266EDFAB007C8C2C /* Main.storyboard in Resources */,
			);
			runOnlyForDeploymentPostprocessing = 0;
		};
		696D0DA9266EDFAC007C8C2C /* Resources */ = {
			isa = PBXResourcesBuildPhase;
			buildActionMask = 2147483647;
			files = (
			);
			runOnlyForDeploymentPostprocessing = 0;
		};
		696D0DB4266EDFAC007C8C2C /* Resources */ = {
			isa = PBXResourcesBuildPhase;
			buildActionMask = 2147483647;
			files = (
			);
			runOnlyForDeploymentPostprocessing = 0;
		};
/* End PBXResourcesBuildPhase section */

/* Begin PBXSourcesBuildPhase section */
		696D0D91266EDFAB007C8C2C /* Sources */ = {
			isa = PBXSourcesBuildPhase;
			buildActionMask = 2147483647;
			files = (
				696D0DD5266EE35B007C8C2C /* Airports.swift in Sources */,
				696D0D9D266EDFAB007C8C2C /* ViewController.swift in Sources */,
				696D0DD2266EE28D007C8C2C /* Util.swift in Sources */,
				696D0D99266EDFAB007C8C2C /* AppDelegate.swift in Sources */,
				696D0DCE266EE09F007C8C2C /* HTTPClient.swift in Sources */,
				696D0DD0266EE0ED007C8C2C /* URL+Extension.swift in Sources */,
				696D0D9B266EDFAB007C8C2C /* SceneDelegate.swift in Sources */,
			);
			runOnlyForDeploymentPostprocessing = 0;
		};
		696D0DA7266EDFAC007C8C2C /* Sources */ = {
			isa = PBXSourcesBuildPhase;
			buildActionMask = 2147483647;
			files = (
				696D0DB0266EDFAC007C8C2C /* QantasTechTaskTests.swift in Sources */,
				696D0DD3266EE28D007C8C2C /* Util.swift in Sources */,
				696D0DD6266EE35B007C8C2C /* Airports.swift in Sources */,
			);
			runOnlyForDeploymentPostprocessing = 0;
		};
		696D0DB2266EDFAC007C8C2C /* Sources */ = {
			isa = PBXSourcesBuildPhase;
			buildActionMask = 2147483647;
			files = (
				696D0DBB266EDFAC007C8C2C /* QantasTechTaskUITests.swift in Sources */,
			);
			runOnlyForDeploymentPostprocessing = 0;
		};
/* End PBXSourcesBuildPhase section */

/* Begin PBXTargetDependency section */
		696D0DAD266EDFAC007C8C2C /* PBXTargetDependency */ = {
			isa = PBXTargetDependency;
			target = 696D0D94266EDFAB007C8C2C /* QantasTechTask */;
			targetProxy = 696D0DAC266EDFAC007C8C2C /* PBXContainerItemProxy */;
		};
		696D0DB8266EDFAC007C8C2C /* PBXTargetDependency */ = {
			isa = PBXTargetDependency;
			target = 696D0D94266EDFAB007C8C2C /* QantasTechTask */;
			targetProxy = 696D0DB7266EDFAC007C8C2C /* PBXContainerItemProxy */;
		};
/* End PBXTargetDependency section */

/* Begin PBXVariantGroup section */
		696D0D9E266EDFAB007C8C2C /* Main.storyboard */ = {
			isa = PBXVariantGroup;
			children = (
				696D0D9F266EDFAB007C8C2C /* Base */,
			);
			name = Main.storyboard;
			sourceTree = "<group>";
		};
		696D0DA3266EDFAC007C8C2C /* LaunchScreen.storyboard */ = {
			isa = PBXVariantGroup;
			children = (
				696D0DA4266EDFAC007C8C2C /* Base */,
			);
			name = LaunchScreen.storyboard;
			sourceTree = "<group>";
		};
/* End PBXVariantGroup section */

/* Begin XCBuildConfiguration section */
		696D0DBD266EDFAC007C8C2C /* Debug */ = {
			isa = XCBuildConfiguration;
			buildSettings = {
				ALWAYS_SEARCH_USER_PATHS = NO;
				CLANG_ANALYZER_NONNULL = YES;
				CLANG_ANALYZER_NUMBER_OBJECT_CONVERSION = YES_AGGRESSIVE;
				CLANG_CXX_LANGUAGE_STANDARD = "gnu++14";
				CLANG_CXX_LIBRARY = "libc++";
				CLANG_ENABLE_MODULES = YES;
				CLANG_ENABLE_OBJC_ARC = YES;
				CLANG_ENABLE_OBJC_WEAK = YES;
				CLANG_WARN_BLOCK_CAPTURE_AUTORELEASING = YES;
				CLANG_WARN_BOOL_CONVERSION = YES;
				CLANG_WARN_COMMA = YES;
				CLANG_WARN_CONSTANT_CONVERSION = YES;
				CLANG_WARN_DEPRECATED_OBJC_IMPLEMENTATIONS = YES;
				CLANG_WARN_DIRECT_OBJC_ISA_USAGE = YES_ERROR;
				CLANG_WARN_DOCUMENTATION_COMMENTS = YES;
				CLANG_WARN_EMPTY_BODY = YES;
				CLANG_WARN_ENUM_CONVERSION = YES;
				CLANG_WARN_INFINITE_RECURSION = YES;
				CLANG_WARN_INT_CONVERSION = YES;
				CLANG_WARN_NON_LITERAL_NULL_CONVERSION = YES;
				CLANG_WARN_OBJC_IMPLICIT_RETAIN_SELF = YES;
				CLANG_WARN_OBJC_LITERAL_CONVERSION = YES;
				CLANG_WARN_OBJC_ROOT_CLASS = YES_ERROR;
				CLANG_WARN_QUOTED_INCLUDE_IN_FRAMEWORK_HEADER = YES;
				CLANG_WARN_RANGE_LOOP_ANALYSIS = YES;
				CLANG_WARN_STRICT_PROTOTYPES = YES;
				CLANG_WARN_SUSPICIOUS_MOVE = YES;
				CLANG_WARN_UNGUARDED_AVAILABILITY = YES_AGGRESSIVE;
				CLANG_WARN_UNREACHABLE_CODE = YES;
				CLANG_WARN__DUPLICATE_METHOD_MATCH = YES;
				COPY_PHASE_STRIP = NO;
				DEBUG_INFORMATION_FORMAT = dwarf;
				ENABLE_STRICT_OBJC_MSGSEND = YES;
				ENABLE_TESTABILITY = YES;
				GCC_C_LANGUAGE_STANDARD = gnu11;
				GCC_DYNAMIC_NO_PIC = NO;
				GCC_NO_COMMON_BLOCKS = YES;
				GCC_OPTIMIZATION_LEVEL = 0;
				GCC_PREPROCESSOR_DEFINITIONS = (
					"DEBUG=1",
					"$(inherited)",
				);
				GCC_WARN_64_TO_32_BIT_CONVERSION = YES;
				GCC_WARN_ABOUT_RETURN_TYPE = YES_ERROR;
				GCC_WARN_UNDECLARED_SELECTOR = YES;
				GCC_WARN_UNINITIALIZED_AUTOS = YES_AGGRESSIVE;
				GCC_WARN_UNUSED_FUNCTION = YES;
				GCC_WARN_UNUSED_VARIABLE = YES;
				IPHONEOS_DEPLOYMENT_TARGET = 14.5;
				MTL_ENABLE_DEBUG_INFO = INCLUDE_SOURCE;
				MTL_FAST_MATH = YES;
				ONLY_ACTIVE_ARCH = YES;
				SDKROOT = iphoneos;
				SWIFT_ACTIVE_COMPILATION_CONDITIONS = DEBUG;
				SWIFT_OPTIMIZATION_LEVEL = "-Onone";
			};
			name = Debug;
		};
		696D0DBE266EDFAC007C8C2C /* Release */ = {
			isa = XCBuildConfiguration;
			buildSettings = {
				ALWAYS_SEARCH_USER_PATHS = NO;
				CLANG_ANALYZER_NONNULL = YES;
				CLANG_ANALYZER_NUMBER_OBJECT_CONVERSION = YES_AGGRESSIVE;
				CLANG_CXX_LANGUAGE_STANDARD = "gnu++14";
				CLANG_CXX_LIBRARY = "libc++";
				CLANG_ENABLE_MODULES = YES;
				CLANG_ENABLE_OBJC_ARC = YES;
				CLANG_ENABLE_OBJC_WEAK = YES;
				CLANG_WARN_BLOCK_CAPTURE_AUTORELEASING = YES;
				CLANG_WARN_BOOL_CONVERSION = YES;
				CLANG_WARN_COMMA = YES;
				CLANG_WARN_CONSTANT_CONVERSION = YES;
				CLANG_WARN_DEPRECATED_OBJC_IMPLEMENTATIONS = YES;
				CLANG_WARN_DIRECT_OBJC_ISA_USAGE = YES_ERROR;
				CLANG_WARN_DOCUMENTATION_COMMENTS = YES;
				CLANG_WARN_EMPTY_BODY = YES;
				CLANG_WARN_ENUM_CONVERSION = YES;
				CLANG_WARN_INFINITE_RECURSION = YES;
				CLANG_WARN_INT_CONVERSION = YES;
				CLANG_WARN_NON_LITERAL_NULL_CONVERSION = YES;
				CLANG_WARN_OBJC_IMPLICIT_RETAIN_SELF = YES;
				CLANG_WARN_OBJC_LITERAL_CONVERSION = YES;
				CLANG_WARN_OBJC_ROOT_CLASS = YES_ERROR;
				CLANG_WARN_QUOTED_INCLUDE_IN_FRAMEWORK_HEADER = YES;
				CLANG_WARN_RANGE_LOOP_ANALYSIS = YES;
				CLANG_WARN_STRICT_PROTOTYPES = YES;
				CLANG_WARN_SUSPICIOUS_MOVE = YES;
				CLANG_WARN_UNGUARDED_AVAILABILITY = YES_AGGRESSIVE;
				CLANG_WARN_UNREACHABLE_CODE = YES;
				CLANG_WARN__DUPLICATE_METHOD_MATCH = YES;
				COPY_PHASE_STRIP = NO;
				DEBUG_INFORMATION_FORMAT = "dwarf-with-dsym";
				ENABLE_NS_ASSERTIONS = NO;
				ENABLE_STRICT_OBJC_MSGSEND = YES;
				GCC_C_LANGUAGE_STANDARD = gnu11;
				GCC_NO_COMMON_BLOCKS = YES;
				GCC_WARN_64_TO_32_BIT_CONVERSION = YES;
				GCC_WARN_ABOUT_RETURN_TYPE = YES_ERROR;
				GCC_WARN_UNDECLARED_SELECTOR = YES;
				GCC_WARN_UNINITIALIZED_AUTOS = YES_AGGRESSIVE;
				GCC_WARN_UNUSED_FUNCTION = YES;
				GCC_WARN_UNUSED_VARIABLE = YES;
				IPHONEOS_DEPLOYMENT_TARGET = 14.5;
				MTL_ENABLE_DEBUG_INFO = NO;
				MTL_FAST_MATH = YES;
				SDKROOT = iphoneos;
				SWIFT_COMPILATION_MODE = wholemodule;
				SWIFT_OPTIMIZATION_LEVEL = "-O";
				VALIDATE_PRODUCT = YES;
			};
			name = Release;
		};
		696D0DC0266EDFAC007C8C2C /* Debug */ = {
			isa = XCBuildConfiguration;
			buildSettings = {
				ASSETCATALOG_COMPILER_APPICON_NAME = AppIcon;
				ASSETCATALOG_COMPILER_GLOBAL_ACCENT_COLOR_NAME = AccentColor;
				CODE_SIGN_STYLE = Automatic;
				DEVELOPMENT_TEAM = R7769RMD73;
				INFOPLIST_FILE = QantasTechTask/Info.plist;
				LD_RUNPATH_SEARCH_PATHS = (
					"$(inherited)",
					"@executable_path/Frameworks",
				);
				MARKETING_VERSION = 0.1;
				PRODUCT_BUNDLE_IDENTIFIER = au.com.QantasTechTask;
				PRODUCT_NAME = "$(TARGET_NAME)";
				SWIFT_VERSION = 5.0;
				TARGETED_DEVICE_FAMILY = "1,2";
			};
			name = Debug;
		};
		696D0DC1266EDFAC007C8C2C /* Release */ = {
			isa = XCBuildConfiguration;
			buildSettings = {
				ASSETCATALOG_COMPILER_APPICON_NAME = AppIcon;
				ASSETCATALOG_COMPILER_GLOBAL_ACCENT_COLOR_NAME = AccentColor;
				CODE_SIGN_STYLE = Automatic;
				DEVELOPMENT_TEAM = R7769RMD73;
				INFOPLIST_FILE = QantasTechTask/Info.plist;
				LD_RUNPATH_SEARCH_PATHS = (
					"$(inherited)",
					"@executable_path/Frameworks",
				);
				MARKETING_VERSION = 0.1;
				PRODUCT_BUNDLE_IDENTIFIER = au.com.QantasTechTask;
				PRODUCT_NAME = "$(TARGET_NAME)";
				SWIFT_VERSION = 5.0;
				TARGETED_DEVICE_FAMILY = "1,2";
			};
			name = Release;
		};
		696D0DC3266EDFAC007C8C2C /* Debug */ = {
			isa = XCBuildConfiguration;
			buildSettings = {
				ALWAYS_EMBED_SWIFT_STANDARD_LIBRARIES = YES;
				BUNDLE_LOADER = "$(TEST_HOST)";
				CODE_SIGN_STYLE = Automatic;
				DEVELOPMENT_TEAM = R7769RMD73;
				INFOPLIST_FILE = QantasTechTaskTests/Info.plist;
				IPHONEOS_DEPLOYMENT_TARGET = 14.5;
				LD_RUNPATH_SEARCH_PATHS = (
					"$(inherited)",
					"@executable_path/Frameworks",
					"@loader_path/Frameworks",
				);
				PRODUCT_BUNDLE_IDENTIFIER = au.com.QantasTechTaskTests;
				PRODUCT_NAME = "$(TARGET_NAME)";
				SWIFT_VERSION = 5.0;
				TARGETED_DEVICE_FAMILY = "1,2";
				TEST_HOST = "$(BUILT_PRODUCTS_DIR)/QantasTechTask.app/QantasTechTask";
			};
			name = Debug;
		};
		696D0DC4266EDFAC007C8C2C /* Release */ = {
			isa = XCBuildConfiguration;
			buildSettings = {
				ALWAYS_EMBED_SWIFT_STANDARD_LIBRARIES = YES;
				BUNDLE_LOADER = "$(TEST_HOST)";
				CODE_SIGN_STYLE = Automatic;
				DEVELOPMENT_TEAM = R7769RMD73;
				INFOPLIST_FILE = QantasTechTaskTests/Info.plist;
				IPHONEOS_DEPLOYMENT_TARGET = 14.5;
				LD_RUNPATH_SEARCH_PATHS = (
					"$(inherited)",
					"@executable_path/Frameworks",
					"@loader_path/Frameworks",
				);
				PRODUCT_BUNDLE_IDENTIFIER = au.com.QantasTechTaskTests;
				PRODUCT_NAME = "$(TARGET_NAME)";
				SWIFT_VERSION = 5.0;
				TARGETED_DEVICE_FAMILY = "1,2";
				TEST_HOST = "$(BUILT_PRODUCTS_DIR)/QantasTechTask.app/QantasTechTask";
			};
			name = Release;
		};
		696D0DC6266EDFAC007C8C2C /* Debug */ = {
			isa = XCBuildConfiguration;
			buildSettings = {
				ALWAYS_EMBED_SWIFT_STANDARD_LIBRARIES = YES;
				CODE_SIGN_STYLE = Automatic;
				DEVELOPMENT_TEAM = R7769RMD73;
				INFOPLIST_FILE = QantasTechTaskUITests/Info.plist;
				LD_RUNPATH_SEARCH_PATHS = (
					"$(inherited)",
					"@executable_path/Frameworks",
					"@loader_path/Frameworks",
				);
				PRODUCT_BUNDLE_IDENTIFIER = au.com.QantasTechTaskUITests;
				PRODUCT_NAME = "$(TARGET_NAME)";
				SWIFT_VERSION = 5.0;
				TARGETED_DEVICE_FAMILY = "1,2";
				TEST_TARGET_NAME = QantasTechTask;
			};
			name = Debug;
		};
		696D0DC7266EDFAC007C8C2C /* Release */ = {
			isa = XCBuildConfiguration;
			buildSettings = {
				ALWAYS_EMBED_SWIFT_STANDARD_LIBRARIES = YES;
				CODE_SIGN_STYLE = Automatic;
				DEVELOPMENT_TEAM = R7769RMD73;
				INFOPLIST_FILE = QantasTechTaskUITests/Info.plist;
				LD_RUNPATH_SEARCH_PATHS = (
					"$(inherited)",
					"@executable_path/Frameworks",
					"@loader_path/Frameworks",
				);
				PRODUCT_BUNDLE_IDENTIFIER = au.com.QantasTechTaskUITests;
				PRODUCT_NAME = "$(TARGET_NAME)";
				SWIFT_VERSION = 5.0;
				TARGETED_DEVICE_FAMILY = "1,2";
				TEST_TARGET_NAME = QantasTechTask;
			};
			name = Release;
		};
/* End XCBuildConfiguration section */

/* Begin XCConfigurationList section */
		696D0D90266EDFAB007C8C2C /* Build configuration list for PBXProject "QantasTechTask" */ = {
			isa = XCConfigurationList;
			buildConfigurations = (
				696D0DBD266EDFAC007C8C2C /* Debug */,
				696D0DBE266EDFAC007C8C2C /* Release */,
			);
			defaultConfigurationIsVisible = 0;
			defaultConfigurationName = Release;
		};
		696D0DBF266EDFAC007C8C2C /* Build configuration list for PBXNativeTarget "QantasTechTask" */ = {
			isa = XCConfigurationList;
			buildConfigurations = (
				696D0DC0266EDFAC007C8C2C /* Debug */,
				696D0DC1266EDFAC007C8C2C /* Release */,
			);
			defaultConfigurationIsVisible = 0;
			defaultConfigurationName = Release;
		};
		696D0DC2266EDFAC007C8C2C /* Build configuration list for PBXNativeTarget "QantasTechTaskTests" */ = {
			isa = XCConfigurationList;
			buildConfigurations = (
				696D0DC3266EDFAC007C8C2C /* Debug */,
				696D0DC4266EDFAC007C8C2C /* Release */,
			);
			defaultConfigurationIsVisible = 0;
			defaultConfigurationName = Release;
		};
		696D0DC5266EDFAC007C8C2C /* Build configuration list for PBXNativeTarget "QantasTechTaskUITests" */ = {
			isa = XCConfigurationList;
			buildConfigurations = (
				696D0DC6266EDFAC007C8C2C /* Debug */,
				696D0DC7266EDFAC007C8C2C /* Release */,
			);
			defaultConfigurationIsVisible = 0;
			defaultConfigurationName = Release;
		};
/* End XCConfigurationList section */
	};
	rootObject = 696D0D8D266EDFAB007C8C2C /* Project object */;
}
